{
  "nodes": {
    "haskell-nix": {
      "locked": {
        "lastModified": 1611086456,
        "narHash": "sha256-3zB7FcXlSOzuFJylxzBd/B7VFyD7zW/WlKI+9lKVnYQ=",
        "owner": "input-output-hk",
        "repo": "haskell.nix",
        "rev": "d597b21152fef372c4867ee50c2b1bf8e581f996",
        "type": "github"
      },
      "original": {
        "owner": "input-output-hk",
        "ref": "flake-sources",
        "repo": "haskell.nix",
        "type": "github"
      }
    },
    "mantis-src": {
      "flake": false,
      "locked": {
        "lastModified": 1611066829,
        "narHash": "sha256-RqblkhjXTsF1RDiNdYy2bfCWn3fjagord/zUNFIUqd0=",
        "owner": "input-output-hk",
        "repo": "mantis",
        "rev": "3c9842a26b06d4c43c51cfbd668e46f4a862e88f",
        "type": "github"
      },
      "original": {
        "owner": "input-output-hk",
        "repo": "mantis",
        "type": "github"
      }
    },
    "root": {
      "inputs": {
        "haskell-nix": "haskell-nix",
        "mantis-src": "mantis-src",
        "utils": "utils"
      }
    },
    "utils": {
      "locked": {
        "lastModified": 1601282935,
        "narHash": "sha256-WQAFV6sGGQxrRs3a+/Yj9xUYvhTpukQJIcMbIi7LCJ4=",
        "owner": "numtide",
        "repo": "flake-utils",
        "rev": "588973065fce51f4763287f0fda87a174d78bf48",
        "type": "github"
      },
      "original": {
        "owner": "numtide",
        "repo": "flake-utils",
        "type": "github"
      }
    }
  },
  "root": "root",
  "version": 7
}
