{
  "nodes": {
    "haskell-nix": {
      "locked": {
        "lastModified": 1612789116,
        "narHash": "sha256-l12sDNsvsu9otmUzL6TIvFzx3n4zIjtWkfoqCDW/xTw=",
        "owner": "input-output-hk",
        "repo": "haskell.nix",
        "rev": "43513e406c0348f703be6f73a7a56c1c57c8ad41",
        "type": "github"
      },
      "original": {
        "owner": "input-output-hk",
        "repo": "haskell.nix",
        "type": "github"
      }
    },
    "root": {
      "inputs": {
        "haskell-nix": "haskell-nix",
        "utils": "utils"
      }
    },
    "utils": {
      "locked": {
        "lastModified": 1601282935,
        "narHash": "sha256-WQAFV6sGGQxrRs3a+/Yj9xUYvhTpukQJIcMbIi7LCJ4=",
        "owner": "numtide",
        "repo": "flake-utils",
        "rev": "588973065fce51f4763287f0fda87a174d78bf48",
        "type": "github"
      },
      "original": {
        "owner": "numtide",
        "repo": "flake-utils",
        "type": "github"
      }
    }
  },
  "root": "root",
  "version": 7
}
